
Microsoft Visual Studio Solution File, Format Version 12.00
# Visual Studio Version 16
VisualStudioVersion = 16.0.30711.63
MinimumVisualStudioVersion = 10.0.40219.1
Project("{FAE04EC0-301F-11D3-BF4B-00C04F79EFBC}") = "CSJuniorClon", "CSJuniorClon\CSJuniorClon.csproj", "{AAEC9740-3E01-4FBC-AE93-9A0CCD6E29A5}"
EndProject
Project("{2150E333-8FDC-42A3-9474-1A3956D46DE8}") = "Collections", "Collections", "{B5EA8C7B-053E-4653-A8D3-C0C2BAFE0AB7}"
EndProject
Project("{FAE04EC0-301F-11D3-BF4B-00C04F79EFBC}") = "ExplanatoryDictionary", "ExplanatoryDictionary\ExplanatoryDictionary.csproj", "{5D929E3B-BF3F-4ABF-A117-A63359520C05}"
EndProject
Project("{FAE04EC0-301F-11D3-BF4B-00C04F79EFBC}") = "QueueStore", "QueueStore\QueueStore.csproj", "{F8E324BE-FCB5-444F-91C3-45903263063B}"
EndProject
Project("{FAE04EC0-301F-11D3-BF4B-00C04F79EFBC}") = "ListDynamicArray", "ListDynamicArray\ListDynamicArray.csproj", "{F1E61D76-3B30-42A9-826F-AFE5244C44C8}"
EndProject
Project("{FAE04EC0-301F-11D3-BF4B-00C04F79EFBC}") = "MapPersonnelAccounting", "MapPersonnelAccounting\MapPersonnelAccounting.csproj", "{F27F19E4-5E1D-4C31-B3E5-C16A71F1E620}"
EndProject
Project("{2150E333-8FDC-42A3-9474-1A3956D46DE8}") = "OOP", "OOP", "{B8128465-2F14-4C6C-8F0E-A2F6F351C759}"
EndProject
Project("{FAE04EC0-301F-11D3-BF4B-00C04F79EFBC}") = "CreatePlayerClass", "CreatePlayerClass\CreatePlayerClass.csproj", "{6B319131-828E-4F25-8510-BA9CD9B00AAF}"
EndProject
Project("{FAE04EC0-301F-11D3-BF4B-00C04F79EFBC}") = "WorkingProperties", "WorkingProperties\WorkingProperties.csproj", "{34BCEC2C-52FC-4191-8561-DDBA435F94F9}"
EndProject
Project("{FAE04EC0-301F-11D3-BF4B-00C04F79EFBC}") = "PlayerDatabase", "PlayerDatabase\PlayerDatabase.csproj", "{5BB224EA-5D04-46DC-A13A-1610E4A1332B}"
EndProject
Project("{FAE04EC0-301F-11D3-BF4B-00C04F79EFBC}") = "Shop", "Shop\Shop.csproj", "{EC1B4030-B577-4E23-ADEB-83C48CBAEB23}"
EndProject
Project("{FAE04EC0-301F-11D3-BF4B-00C04F79EFBC}") = "TrainConfigurator", "TrainConfigurator\TrainConfigurator.csproj", "{C8F37A17-4EEC-4868-B346-AC20FDA66711}"
EndProject
Project("{FAE04EC0-301F-11D3-BF4B-00C04F79EFBC}") = "GladiatorFights", "GladiatorFights\GladiatorFights.csproj", "{661E4A82-4118-4A75-80C3-1C47FAFF5490}"
EndProject
Project("{FAE04EC0-301F-11D3-BF4B-00C04F79EFBC}") = "Supermarket", "Supermarket\Supermarket.csproj", "{8CF644AD-16AE-40FC-98CC-6EF72DE75517}"
EndProject
Project("{FAE04EC0-301F-11D3-BF4B-00C04F79EFBC}") = "War", "War\War.csproj", "{8D66A65E-8D9D-4998-95C3-2A72CC001C03}"
EndProject
Project("{FAE04EC0-301F-11D3-BF4B-00C04F79EFBC}") = "Aquarium", "Aquarium\Aquarium.csproj", "{7D77D02B-4DD9-4B29-A714-B4DEA0621C86}"
EndProject
Project("{FAE04EC0-301F-11D3-BF4B-00C04F79EFBC}") = "Zoo", "Zoo\Zoo.csproj", "{7B5D0C5A-F45F-48E5-B2F1-B5B009DF4121}"
EndProject
Project("{FAE04EC0-301F-11D3-BF4B-00C04F79EFBC}") = "CarService", "CarService\CarService.csproj", "{CC3B0CB6-DB42-4F04-8DFA-8826E026B5FE}"
EndProject
Project("{2150E333-8FDC-42A3-9474-1A3956D46DE8}") = "Linq", "Linq", "{626D9E9D-AF3E-49CC-BC7E-1E446DA9FA23}"
EndProject
Project("{FAE04EC0-301F-11D3-BF4B-00C04F79EFBC}") = "RechercheCriminel", "RechercheCriminel\RechercheCriminel.csproj", "{268AF69E-3A75-4296-886E-A16EC736AE17}"
EndProject
Project("{FAE04EC0-301F-11D3-BF4B-00C04F79EFBC}") = "Amnesty", "Amnesty\Amnesty.csproj", "{9A33CCAE-BE9C-407E-8D01-2F4CA2CC33D6}"
EndProject
Project("{FAE04EC0-301F-11D3-BF4B-00C04F79EFBC}") = "AnarchyHospital", "AnarchyHospital\AnarchyHospital.csproj", "{5AEE2E1A-F312-49C7-BC4E-1DAADEB3C0CC}"
EndProject
Project("{FAE04EC0-301F-11D3-BF4B-00C04F79EFBC}") = "TopServerPlayers", "TopServerPlayers\TopServerPlayers.csproj", "{D2D0CF33-6D0C-4289-A8B8-9EA1E708FD1F}"
EndProject
Project("{FAE04EC0-301F-11D3-BF4B-00C04F79EFBC}") = "DefinitionDelay", "DefinitionDelay\DefinitionDelay.csproj", "{F6FD4EDD-1C0C-41A5-85E2-58C8FEDE437D}"
EndProject
Project("{FAE04EC0-301F-11D3-BF4B-00C04F79EFBC}") = "WeaponsReport", "WeaponsReport\WeaponsReport.csproj", "{53FEA664-8B56-45A0-A72B-78B09FF63DB3}"
EndProject
Project("{FAE04EC0-301F-11D3-BF4B-00C04F79EFBC}") = "UnificationTroops", "UnificationTroops\UnificationTroops.csproj", "{362AB627-A902-40F8-A799-B61CAA110037}"
EndProject
Global
	GlobalSection(SolutionConfigurationPlatforms) = preSolution
		Debug|Any CPU = Debug|Any CPU
		Release|Any CPU = Release|Any CPU
	EndGlobalSection
	GlobalSection(ProjectConfigurationPlatforms) = postSolution
		{AAEC9740-3E01-4FBC-AE93-9A0CCD6E29A5}.Debug|Any CPU.ActiveCfg = Debug|Any CPU
		{AAEC9740-3E01-4FBC-AE93-9A0CCD6E29A5}.Debug|Any CPU.Build.0 = Debug|Any CPU
		{AAEC9740-3E01-4FBC-AE93-9A0CCD6E29A5}.Release|Any CPU.ActiveCfg = Release|Any CPU
		{AAEC9740-3E01-4FBC-AE93-9A0CCD6E29A5}.Release|Any CPU.Build.0 = Release|Any CPU
		{5D929E3B-BF3F-4ABF-A117-A63359520C05}.Debug|Any CPU.ActiveCfg = Debug|Any CPU
		{5D929E3B-BF3F-4ABF-A117-A63359520C05}.Debug|Any CPU.Build.0 = Debug|Any CPU
		{5D929E3B-BF3F-4ABF-A117-A63359520C05}.Release|Any CPU.ActiveCfg = Release|Any CPU
		{5D929E3B-BF3F-4ABF-A117-A63359520C05}.Release|Any CPU.Build.0 = Release|Any CPU
		{F8E324BE-FCB5-444F-91C3-45903263063B}.Debug|Any CPU.ActiveCfg = Debug|Any CPU
		{F8E324BE-FCB5-444F-91C3-45903263063B}.Debug|Any CPU.Build.0 = Debug|Any CPU
		{F8E324BE-FCB5-444F-91C3-45903263063B}.Release|Any CPU.ActiveCfg = Release|Any CPU
		{F8E324BE-FCB5-444F-91C3-45903263063B}.Release|Any CPU.Build.0 = Release|Any CPU
		{F1E61D76-3B30-42A9-826F-AFE5244C44C8}.Debug|Any CPU.ActiveCfg = Debug|Any CPU
		{F1E61D76-3B30-42A9-826F-AFE5244C44C8}.Debug|Any CPU.Build.0 = Debug|Any CPU
		{F1E61D76-3B30-42A9-826F-AFE5244C44C8}.Release|Any CPU.ActiveCfg = Release|Any CPU
		{F1E61D76-3B30-42A9-826F-AFE5244C44C8}.Release|Any CPU.Build.0 = Release|Any CPU
		{F27F19E4-5E1D-4C31-B3E5-C16A71F1E620}.Debug|Any CPU.ActiveCfg = Debug|Any CPU
		{F27F19E4-5E1D-4C31-B3E5-C16A71F1E620}.Debug|Any CPU.Build.0 = Debug|Any CPU
		{F27F19E4-5E1D-4C31-B3E5-C16A71F1E620}.Release|Any CPU.ActiveCfg = Release|Any CPU
		{F27F19E4-5E1D-4C31-B3E5-C16A71F1E620}.Release|Any CPU.Build.0 = Release|Any CPU
		{6B319131-828E-4F25-8510-BA9CD9B00AAF}.Debug|Any CPU.ActiveCfg = Debug|Any CPU
		{6B319131-828E-4F25-8510-BA9CD9B00AAF}.Debug|Any CPU.Build.0 = Debug|Any CPU
		{6B319131-828E-4F25-8510-BA9CD9B00AAF}.Release|Any CPU.ActiveCfg = Release|Any CPU
		{6B319131-828E-4F25-8510-BA9CD9B00AAF}.Release|Any CPU.Build.0 = Release|Any CPU
		{34BCEC2C-52FC-4191-8561-DDBA435F94F9}.Debug|Any CPU.ActiveCfg = Debug|Any CPU
		{34BCEC2C-52FC-4191-8561-DDBA435F94F9}.Debug|Any CPU.Build.0 = Debug|Any CPU
		{34BCEC2C-52FC-4191-8561-DDBA435F94F9}.Release|Any CPU.ActiveCfg = Release|Any CPU
		{34BCEC2C-52FC-4191-8561-DDBA435F94F9}.Release|Any CPU.Build.0 = Release|Any CPU
		{5BB224EA-5D04-46DC-A13A-1610E4A1332B}.Debug|Any CPU.ActiveCfg = Debug|Any CPU
		{5BB224EA-5D04-46DC-A13A-1610E4A1332B}.Debug|Any CPU.Build.0 = Debug|Any CPU
		{5BB224EA-5D04-46DC-A13A-1610E4A1332B}.Release|Any CPU.ActiveCfg = Release|Any CPU
		{5BB224EA-5D04-46DC-A13A-1610E4A1332B}.Release|Any CPU.Build.0 = Release|Any CPU
		{EC1B4030-B577-4E23-ADEB-83C48CBAEB23}.Debug|Any CPU.ActiveCfg = Debug|Any CPU
		{EC1B4030-B577-4E23-ADEB-83C48CBAEB23}.Debug|Any CPU.Build.0 = Debug|Any CPU
		{EC1B4030-B577-4E23-ADEB-83C48CBAEB23}.Release|Any CPU.ActiveCfg = Release|Any CPU
		{EC1B4030-B577-4E23-ADEB-83C48CBAEB23}.Release|Any CPU.Build.0 = Release|Any CPU
		{C8F37A17-4EEC-4868-B346-AC20FDA66711}.Debug|Any CPU.ActiveCfg = Debug|Any CPU
		{C8F37A17-4EEC-4868-B346-AC20FDA66711}.Debug|Any CPU.Build.0 = Debug|Any CPU
		{C8F37A17-4EEC-4868-B346-AC20FDA66711}.Release|Any CPU.ActiveCfg = Release|Any CPU
		{C8F37A17-4EEC-4868-B346-AC20FDA66711}.Release|Any CPU.Build.0 = Release|Any CPU
		{661E4A82-4118-4A75-80C3-1C47FAFF5490}.Debug|Any CPU.ActiveCfg = Debug|Any CPU
		{661E4A82-4118-4A75-80C3-1C47FAFF5490}.Debug|Any CPU.Build.0 = Debug|Any CPU
		{661E4A82-4118-4A75-80C3-1C47FAFF5490}.Release|Any CPU.ActiveCfg = Release|Any CPU
		{661E4A82-4118-4A75-80C3-1C47FAFF5490}.Release|Any CPU.Build.0 = Release|Any CPU
		{8CF644AD-16AE-40FC-98CC-6EF72DE75517}.Debug|Any CPU.ActiveCfg = Debug|Any CPU
		{8CF644AD-16AE-40FC-98CC-6EF72DE75517}.Debug|Any CPU.Build.0 = Debug|Any CPU
		{8CF644AD-16AE-40FC-98CC-6EF72DE75517}.Release|Any CPU.ActiveCfg = Release|Any CPU
		{8CF644AD-16AE-40FC-98CC-6EF72DE75517}.Release|Any CPU.Build.0 = Release|Any CPU
		{8D66A65E-8D9D-4998-95C3-2A72CC001C03}.Debug|Any CPU.ActiveCfg = Debug|Any CPU
		{8D66A65E-8D9D-4998-95C3-2A72CC001C03}.Debug|Any CPU.Build.0 = Debug|Any CPU
		{8D66A65E-8D9D-4998-95C3-2A72CC001C03}.Release|Any CPU.ActiveCfg = Release|Any CPU
		{8D66A65E-8D9D-4998-95C3-2A72CC001C03}.Release|Any CPU.Build.0 = Release|Any CPU
		{7D77D02B-4DD9-4B29-A714-B4DEA0621C86}.Debug|Any CPU.ActiveCfg = Debug|Any CPU
		{7D77D02B-4DD9-4B29-A714-B4DEA0621C86}.Debug|Any CPU.Build.0 = Debug|Any CPU
		{7D77D02B-4DD9-4B29-A714-B4DEA0621C86}.Release|Any CPU.ActiveCfg = Release|Any CPU
		{7D77D02B-4DD9-4B29-A714-B4DEA0621C86}.Release|Any CPU.Build.0 = Release|Any CPU
		{7B5D0C5A-F45F-48E5-B2F1-B5B009DF4121}.Debug|Any CPU.ActiveCfg = Debug|Any CPU
		{7B5D0C5A-F45F-48E5-B2F1-B5B009DF4121}.Debug|Any CPU.Build.0 = Debug|Any CPU
		{7B5D0C5A-F45F-48E5-B2F1-B5B009DF4121}.Release|Any CPU.ActiveCfg = Release|Any CPU
		{7B5D0C5A-F45F-48E5-B2F1-B5B009DF4121}.Release|Any CPU.Build.0 = Release|Any CPU
		{CC3B0CB6-DB42-4F04-8DFA-8826E026B5FE}.Debug|Any CPU.ActiveCfg = Debug|Any CPU
		{CC3B0CB6-DB42-4F04-8DFA-8826E026B5FE}.Debug|Any CPU.Build.0 = Debug|Any CPU
		{CC3B0CB6-DB42-4F04-8DFA-8826E026B5FE}.Release|Any CPU.ActiveCfg = Release|Any CPU
		{CC3B0CB6-DB42-4F04-8DFA-8826E026B5FE}.Release|Any CPU.Build.0 = Release|Any CPU
		{268AF69E-3A75-4296-886E-A16EC736AE17}.Debug|Any CPU.ActiveCfg = Debug|Any CPU
		{268AF69E-3A75-4296-886E-A16EC736AE17}.Debug|Any CPU.Build.0 = Debug|Any CPU
		{268AF69E-3A75-4296-886E-A16EC736AE17}.Release|Any CPU.ActiveCfg = Release|Any CPU
		{268AF69E-3A75-4296-886E-A16EC736AE17}.Release|Any CPU.Build.0 = Release|Any CPU
		{9A33CCAE-BE9C-407E-8D01-2F4CA2CC33D6}.Debug|Any CPU.ActiveCfg = Debug|Any CPU
		{9A33CCAE-BE9C-407E-8D01-2F4CA2CC33D6}.Debug|Any CPU.Build.0 = Debug|Any CPU
		{9A33CCAE-BE9C-407E-8D01-2F4CA2CC33D6}.Release|Any CPU.ActiveCfg = Release|Any CPU
		{9A33CCAE-BE9C-407E-8D01-2F4CA2CC33D6}.Release|Any CPU.Build.0 = Release|Any CPU
		{5AEE2E1A-F312-49C7-BC4E-1DAADEB3C0CC}.Debug|Any CPU.ActiveCfg = Debug|Any CPU
		{5AEE2E1A-F312-49C7-BC4E-1DAADEB3C0CC}.Debug|Any CPU.Build.0 = Debug|Any CPU
		{5AEE2E1A-F312-49C7-BC4E-1DAADEB3C0CC}.Release|Any CPU.ActiveCfg = Release|Any CPU
		{5AEE2E1A-F312-49C7-BC4E-1DAADEB3C0CC}.Release|Any CPU.Build.0 = Release|Any CPU
		{D2D0CF33-6D0C-4289-A8B8-9EA1E708FD1F}.Debug|Any CPU.ActiveCfg = Debug|Any CPU
		{D2D0CF33-6D0C-4289-A8B8-9EA1E708FD1F}.Debug|Any CPU.Build.0 = Debug|Any CPU
		{D2D0CF33-6D0C-4289-A8B8-9EA1E708FD1F}.Release|Any CPU.ActiveCfg = Release|Any CPU
		{D2D0CF33-6D0C-4289-A8B8-9EA1E708FD1F}.Release|Any CPU.Build.0 = Release|Any CPU
		{F6FD4EDD-1C0C-41A5-85E2-58C8FEDE437D}.Debug|Any CPU.ActiveCfg = Debug|Any CPU
		{F6FD4EDD-1C0C-41A5-85E2-58C8FEDE437D}.Debug|Any CPU.Build.0 = Debug|Any CPU
		{F6FD4EDD-1C0C-41A5-85E2-58C8FEDE437D}.Release|Any CPU.ActiveCfg = Release|Any CPU
		{F6FD4EDD-1C0C-41A5-85E2-58C8FEDE437D}.Release|Any CPU.Build.0 = Release|Any CPU
		{53FEA664-8B56-45A0-A72B-78B09FF63DB3}.Debug|Any CPU.ActiveCfg = Debug|Any CPU
		{53FEA664-8B56-45A0-A72B-78B09FF63DB3}.Debug|Any CPU.Build.0 = Debug|Any CPU
		{53FEA664-8B56-45A0-A72B-78B09FF63DB3}.Release|Any CPU.ActiveCfg = Release|Any CPU
		{53FEA664-8B56-45A0-A72B-78B09FF63DB3}.Release|Any CPU.Build.0 = Release|Any CPU
		{362AB627-A902-40F8-A799-B61CAA110037}.Debug|Any CPU.ActiveCfg = Debug|Any CPU
		{362AB627-A902-40F8-A799-B61CAA110037}.Debug|Any CPU.Build.0 = Debug|Any CPU
		{362AB627-A902-40F8-A799-B61CAA110037}.Release|Any CPU.ActiveCfg = Release|Any CPU
		{362AB627-A902-40F8-A799-B61CAA110037}.Release|Any CPU.Build.0 = Release|Any CPU
	EndGlobalSection
	GlobalSection(SolutionProperties) = preSolution
		HideSolutionNode = FALSE
	EndGlobalSection
	GlobalSection(NestedProjects) = preSolution
		{5D929E3B-BF3F-4ABF-A117-A63359520C05} = {B5EA8C7B-053E-4653-A8D3-C0C2BAFE0AB7}
		{F8E324BE-FCB5-444F-91C3-45903263063B} = {B5EA8C7B-053E-4653-A8D3-C0C2BAFE0AB7}
		{F1E61D76-3B30-42A9-826F-AFE5244C44C8} = {B5EA8C7B-053E-4653-A8D3-C0C2BAFE0AB7}
		{F27F19E4-5E1D-4C31-B3E5-C16A71F1E620} = {B5EA8C7B-053E-4653-A8D3-C0C2BAFE0AB7}
		{6B319131-828E-4F25-8510-BA9CD9B00AAF} = {B8128465-2F14-4C6C-8F0E-A2F6F351C759}
		{34BCEC2C-52FC-4191-8561-DDBA435F94F9} = {B8128465-2F14-4C6C-8F0E-A2F6F351C759}
		{5BB224EA-5D04-46DC-A13A-1610E4A1332B} = {B8128465-2F14-4C6C-8F0E-A2F6F351C759}
		{EC1B4030-B577-4E23-ADEB-83C48CBAEB23} = {B8128465-2F14-4C6C-8F0E-A2F6F351C759}
		{C8F37A17-4EEC-4868-B346-AC20FDA66711} = {B8128465-2F14-4C6C-8F0E-A2F6F351C759}
		{661E4A82-4118-4A75-80C3-1C47FAFF5490} = {B8128465-2F14-4C6C-8F0E-A2F6F351C759}
		{8CF644AD-16AE-40FC-98CC-6EF72DE75517} = {B8128465-2F14-4C6C-8F0E-A2F6F351C759}
		{8D66A65E-8D9D-4998-95C3-2A72CC001C03} = {B8128465-2F14-4C6C-8F0E-A2F6F351C759}
		{7D77D02B-4DD9-4B29-A714-B4DEA0621C86} = {B8128465-2F14-4C6C-8F0E-A2F6F351C759}
		{7B5D0C5A-F45F-48E5-B2F1-B5B009DF4121} = {B8128465-2F14-4C6C-8F0E-A2F6F351C759}
		{CC3B0CB6-DB42-4F04-8DFA-8826E026B5FE} = {B8128465-2F14-4C6C-8F0E-A2F6F351C759}
		{268AF69E-3A75-4296-886E-A16EC736AE17} = {626D9E9D-AF3E-49CC-BC7E-1E446DA9FA23}
		{9A33CCAE-BE9C-407E-8D01-2F4CA2CC33D6} = {626D9E9D-AF3E-49CC-BC7E-1E446DA9FA23}
		{5AEE2E1A-F312-49C7-BC4E-1DAADEB3C0CC} = {626D9E9D-AF3E-49CC-BC7E-1E446DA9FA23}
		{D2D0CF33-6D0C-4289-A8B8-9EA1E708FD1F} = {626D9E9D-AF3E-49CC-BC7E-1E446DA9FA23}
		{F6FD4EDD-1C0C-41A5-85E2-58C8FEDE437D} = {626D9E9D-AF3E-49CC-BC7E-1E446DA9FA23}
		{53FEA664-8B56-45A0-A72B-78B09FF63DB3} = {626D9E9D-AF3E-49CC-BC7E-1E446DA9FA23}
		{362AB627-A902-40F8-A799-B61CAA110037} = {626D9E9D-AF3E-49CC-BC7E-1E446DA9FA23}
	EndGlobalSection
	GlobalSection(ExtensibilityGlobals) = postSolution
		SolutionGuid = {D6633BB6-C186-4F6D-A4DD-E73AA04875DB}
	EndGlobalSection
EndGlobal
